// !$*UTF8*$!
{
	archiveVersion = 1;
	classes = {
	};
	objectVersion = 50;
	objects = {

/* Begin PBXBuildFile section */
		04D9CED224669F8500C4A103 /* AppDelegate.swift in Sources */ = {isa = PBXBuildFile; fileRef = 04D9CED124669F8500C4A103 /* AppDelegate.swift */; };
		04D9CED424669F8500C4A103 /* SceneDelegate.swift in Sources */ = {isa = PBXBuildFile; fileRef = 04D9CED324669F8500C4A103 /* SceneDelegate.swift */; };
		04D9CED624669F8500C4A103 /* ViewController.swift in Sources */ = {isa = PBXBuildFile; fileRef = 04D9CED524669F8500C4A103 /* ViewController.swift */; };
		04D9CED924669F8500C4A103 /* Main.storyboard in Resources */ = {isa = PBXBuildFile; fileRef = 04D9CED724669F8500C4A103 /* Main.storyboard */; };
		04D9CEDB24669F8800C4A103 /* Assets.xcassets in Resources */ = {isa = PBXBuildFile; fileRef = 04D9CEDA24669F8800C4A103 /* Assets.xcassets */; };
		04D9CEDE24669F8800C4A103 /* LaunchScreen.storyboard in Resources */ = {isa = PBXBuildFile; fileRef = 04D9CEDC24669F8800C4A103 /* LaunchScreen.storyboard */; };
		04D9CEE62466A37500C4A103 /* CLLocationDelegate.swift in Sources */ = {isa = PBXBuildFile; fileRef = 04D9CEE52466A37500C4A103 /* CLLocationDelegate.swift */; };
/* End PBXBuildFile section */

/* Begin PBXFileReference section */
		04D9CECE24669F8500C4A103 /* Project06Location.app */ = {isa = PBXFileReference; explicitFileType = wrapper.application; includeInIndex = 0; path = Project06Location.app; sourceTree = BUILT_PRODUCTS_DIR; };
		04D9CED124669F8500C4A103 /* AppDelegate.swift */ = {isa = PBXFileReference; lastKnownFileType = sourcecode.swift; path = AppDelegate.swift; sourceTree = "<group>"; };
		04D9CED324669F8500C4A103 /* SceneDelegate.swift */ = {isa = PBXFileReference; lastKnownFileType = sourcecode.swift; path = SceneDelegate.swift; sourceTree = "<group>"; };
		04D9CED524669F8500C4A103 /* ViewController.swift */ = {isa = PBXFileReference; lastKnownFileType = sourcecode.swift; path = ViewController.swift; sourceTree = "<group>"; };
		04D9CED824669F8500C4A103 /* Base */ = {isa = PBXFileReference; lastKnownFileType = file.storyboard; name = Base; path = Base.lproj/Main.storyboard; sourceTree = "<group>"; };
		04D9CEDA24669F8800C4A103 /* Assets.xcassets */ = {isa = PBXFileReference; lastKnownFileType = folder.assetcatalog; path = Assets.xcassets; sourceTree = "<group>"; };
		04D9CEDD24669F8800C4A103 /* Base */ = {isa = PBXFileReference; lastKnownFileType = file.storyboard; name = Base; path = Base.lproj/LaunchScreen.storyboard; sourceTree = "<group>"; };
		04D9CEDF24669F8800C4A103 /* Info.plist */ = {isa = PBXFileReference; lastKnownFileType = text.plist.xml; path = Info.plist; sourceTree = "<group>"; };
		04D9CEE52466A37500C4A103 /* CLLocationDelegate.swift */ = {isa = PBXFileReference; lastKnownFileType = sourcecode.swift; path = CLLocationDelegate.swift; sourceTree = "<group>"; };
/* End PBXFileReference section */

/* Begin PBXFrameworksBuildPhase section */
		04D9CECB24669F8500C4A103 /* Frameworks */ = {
			isa = PBXFrameworksBuildPhase;
			buildActionMask = 2147483647;
			files = (
			);
			runOnlyForDeploymentPostprocessing = 0;
		};
/* End PBXFrameworksBuildPhase section */

/* Begin PBXGroup section */
		04D9CEC524669F8500C4A103 = {
			isa = PBXGroup;
			children = (
				04D9CED024669F8500C4A103 /* Project06Location */,
				04D9CECF24669F8500C4A103 /* Products */,
			);
			sourceTree = "<group>";
		};
		04D9CECF24669F8500C4A103 /* Products */ = {
			isa = PBXGroup;
			children = (
				04D9CECE24669F8500C4A103 /* Project06Location.app */,
			);
			name = Products;
			sourceTree = "<group>";
		};
		04D9CED024669F8500C4A103 /* Project06Location */ = {
			isa = PBXGroup;
			children = (
				04D9CED124669F8500C4A103 /* AppDelegate.swift */,
				04D9CED324669F8500C4A103 /* SceneDelegate.swift */,
				04D9CED524669F8500C4A103 /* ViewController.swift */,
				04D9CEE52466A37500C4A103 /* CLLocationDelegate.swift */,
				04D9CED724669F8500C4A103 /* Main.storyboard */,
				04D9CEDA24669F8800C4A103 /* Assets.xcassets */,
				04D9CEDC24669F8800C4A103 /* LaunchScreen.storyboard */,
				04D9CEDF24669F8800C4A103 /* Info.plist */,
			);
			path = Project06Location;
			sourceTree = "<group>";
		};
/* End PBXGroup section */

/* Begin PBXNativeTarget section */
		04D9CECD24669F8500C4A103 /* Project06Location */ = {
			isa = PBXNativeTarget;
			buildConfigurationList = 04D9CEE224669F8800C4A103 /* Build configuration list for PBXNativeTarget "Project06Location" */;
			buildPhases = (
				04D9CECA24669F8500C4A103 /* Sources */,
				04D9CECB24669F8500C4A103 /* Frameworks */,
				04D9CECC24669F8500C4A103 /* Resources */,
			);
			buildRules = (
			);
			dependencies = (
			);
			name = Project06Location;
			productName = Project06Location;
			productReference = 04D9CECE24669F8500C4A103 /* Project06Location.app */;
			productType = "com.apple.product-type.application";
		};
/* End PBXNativeTarget section */

/* Begin PBXProject section */
		04D9CEC624669F8500C4A103 /* Project object */ = {
			isa = PBXProject;
			attributes = {
				LastSwiftUpdateCheck = 1140;
				LastUpgradeCheck = 1140;
				ORGANIZATIONNAME = "Han Jize";
				TargetAttributes = {
					04D9CECD24669F8500C4A103 = {
						CreatedOnToolsVersion = 11.4.1;
					};
				};
			};
			buildConfigurationList = 04D9CEC924669F8500C4A103 /* Build configuration list for PBXProject "Project06Location" */;
			compatibilityVersion = "Xcode 9.3";
			developmentRegion = en;
			hasScannedForEncodings = 0;
			knownRegions = (
				en,
				Base,
			);
			mainGroup = 04D9CEC524669F8500C4A103;
			productRefGroup = 04D9CECF24669F8500C4A103 /* Products */;
			projectDirPath = "";
			projectRoot = "";
			targets = (
				04D9CECD24669F8500C4A103 /* Project06Location */,
			);
		};
/* End PBXProject section */

/* Begin PBXResourcesBuildPhase section */
		04D9CECC24669F8500C4A103 /* Resources */ = {
			isa = PBXResourcesBuildPhase;
			buildActionMask = 2147483647;
			files = (
				04D9CEDE24669F8800C4A103 /* LaunchScreen.storyboard in Resources */,
				04D9CEDB24669F8800C4A103 /* Assets.xcassets in Resources */,
				04D9CED924669F8500C4A103 /* Main.storyboard in Resources */,
			);
			runOnlyForDeploymentPostprocessing = 0;
		};
/* End PBXResourcesBuildPhase section */

/* Begin PBXSourcesBuildPhase section */
		04D9CECA24669F8500C4A103 /* Sources */ = {
			isa = PBXSourcesBuildPhase;
			buildActionMask = 2147483647;
			files = (
				04D9CED624669F8500C4A103 /* ViewController.swift in Sources */,
				04D9CED224669F8500C4A103 /* AppDelegate.swift in Sources */,
				04D9CEE62466A37500C4A103 /* CLLocationDelegate.swift in Sources */,
				04D9CED424669F8500C4A103 /* SceneDelegate.swift in Sources */,
			);
			runOnlyForDeploymentPostprocessing = 0;
		};
/* End PBXSourcesBuildPhase section */

/* Begin PBXVariantGroup section */
		04D9CED724669F8500C4A103 /* Main.storyboard */ = {
			isa = PBXVariantGroup;
			children = (
				04D9CED824669F8500C4A103 /* Base */,
			);
			name = Main.storyboard;
			sourceTree = "<group>";
		};
		04D9CEDC24669F8800C4A103 /* LaunchScreen.storyboard */ = {
			isa = PBXVariantGroup;
			children = (
				04D9CEDD24669F8800C4A103 /* Base */,
			);
			name = LaunchScreen.storyboard;
			sourceTree = "<group>";
		};
/* End PBXVariantGroup section */

/* Begin XCBuildConfiguration section */
		04D9CEE024669F8800C4A103 /* Debug */ = {
			isa = XCBuildConfiguration;
			buildSettings = {
				ALWAYS_SEARCH_USER_PATHS = NO;
				CLANG_ANALYZER_NONNULL = YES;
				CLANG_ANALYZER_NUMBER_OBJECT_CONVERSION = YES_AGGRESSIVE;
				CLANG_CXX_LANGUAGE_STANDARD = "gnu++14";
				CLANG_CXX_LIBRARY = "libc++";
				CLANG_ENABLE_MODULES = YES;
				CLANG_ENABLE_OBJC_ARC = YES;
				CLANG_ENABLE_OBJC_WEAK = YES;
				CLANG_WARN_BLOCK_CAPTURE_AUTORELEASING = YES;
				CLANG_WARN_BOOL_CONVERSION = YES;
				CLANG_WARN_COMMA = YES;
				CLANG_WARN_CONSTANT_CONVERSION = YES;
				CLANG_WARN_DEPRECATED_OBJC_IMPLEMENTATIONS = YES;
				CLANG_WARN_DIRECT_OBJC_ISA_USAGE = YES_ERROR;
				CLANG_WARN_DOCUMENTATION_COMMENTS = YES;
				CLANG_WARN_EMPTY_BODY = YES;
				CLANG_WARN_ENUM_CONVERSION = YES;
				CLANG_WARN_INFINITE_RECURSION = YES;
				CLANG_WARN_INT_CONVERSION = YES;
				CLANG_WARN_NON_LITERAL_NULL_CONVERSION = YES;
				CLANG_WARN_OBJC_IMPLICIT_RETAIN_SELF = YES;
				CLANG_WARN_OBJC_LITERAL_CONVERSION = YES;
				CLANG_WARN_OBJC_ROOT_CLASS = YES_ERROR;
				CLANG_WARN_RANGE_LOOP_ANALYSIS = YES;
				CLANG_WARN_STRICT_PROTOTYPES = YES;
				CLANG_WARN_SUSPICIOUS_MOVE = YES;
				CLANG_WARN_UNGUARDED_AVAILABILITY = YES_AGGRESSIVE;
				CLANG_WARN_UNREACHABLE_CODE = YES;
				CLANG_WARN__DUPLICATE_METHOD_MATCH = YES;
				COPY_PHASE_STRIP = NO;
				DEBUG_INFORMATION_FORMAT = dwarf;
				ENABLE_STRICT_OBJC_MSGSEND = YES;
				ENABLE_TESTABILITY = YES;
				GCC_C_LANGUAGE_STANDARD = gnu11;
				GCC_DYNAMIC_NO_PIC = NO;
				GCC_NO_COMMON_BLOCKS = YES;
				GCC_OPTIMIZATION_LEVEL = 0;
				GCC_PREPROCESSOR_DEFINITIONS = (
					"DEBUG=1",
					"$(inherited)",
				);
				GCC_WARN_64_TO_32_BIT_CONVERSION = YES;
				GCC_WARN_ABOUT_RETURN_TYPE = YES_ERROR;
				GCC_WARN_UNDECLARED_SELECTOR = YES;
				GCC_WARN_UNINITIALIZED_AUTOS = YES_AGGRESSIVE;
				GCC_WARN_UNUSED_FUNCTION = YES;
				GCC_WARN_UNUSED_VARIABLE = YES;
				IPHONEOS_DEPLOYMENT_TARGET = 13.0;
				MTL_ENABLE_DEBUG_INFO = INCLUDE_SOURCE;
				MTL_FAST_MATH = YES;
				ONLY_ACTIVE_ARCH = YES;
				SDKROOT = iphoneos;
				SWIFT_ACTIVE_COMPILATION_CONDITIONS = DEBUG;
				SWIFT_OPTIMIZATION_LEVEL = "-Onone";
			};
			name = Debug;
		};
		04D9CEE124669F8800C4A103 /* Release */ = {
			isa = XCBuildConfiguration;
			buildSettings = {
				ALWAYS_SEARCH_USER_PATHS = NO;
				CLANG_ANALYZER_NONNULL = YES;
				CLANG_ANALYZER_NUMBER_OBJECT_CONVERSION = YES_AGGRESSIVE;
				CLANG_CXX_LANGUAGE_STANDARD = "gnu++14";
				CLANG_CXX_LIBRARY = "libc++";
				CLANG_ENABLE_MODULES = YES;
				CLANG_ENABLE_OBJC_ARC = YES;
				CLANG_ENABLE_OBJC_WEAK = YES;
				CLANG_WARN_BLOCK_CAPTURE_AUTORELEASING = YES;
				CLANG_WARN_BOOL_CONVERSION = YES;
				CLANG_WARN_COMMA = YES;
				CLANG_WARN_CONSTANT_CONVERSION = YES;
				CLANG_WARN_DEPRECATED_OBJC_IMPLEMENTATIONS = YES;
				CLANG_WARN_DIRECT_OBJC_ISA_USAGE = YES_ERROR;
				CLANG_WARN_DOCUMENTATION_COMMENTS = YES;
				CLANG_WARN_EMPTY_BODY = YES;
				CLANG_WARN_ENUM_CONVERSION = YES;
				CLANG_WARN_INFINITE_RECURSION = YES;
				CLANG_WARN_INT_CONVERSION = YES;
				CLANG_WARN_NON_LITERAL_NULL_CONVERSION = YES;
				CLANG_WARN_OBJC_IMPLICIT_RETAIN_SELF = YES;
				CLANG_WARN_OBJC_LITERAL_CONVERSION = YES;
				CLANG_WARN_OBJC_ROOT_CLASS = YES_ERROR;
				CLANG_WARN_RANGE_LOOP_ANALYSIS = YES;
				CLANG_WARN_STRICT_PROTOTYPES = YES;
				CLANG_WARN_SUSPICIOUS_MOVE = YES;
				CLANG_WARN_UNGUARDED_AVAILABILITY = YES_AGGRESSIVE;
				CLANG_WARN_UNREACHABLE_CODE = YES;
				CLANG_WARN__DUPLICATE_METHOD_MATCH = YES;
				COPY_PHASE_STRIP = NO;
				DEBUG_INFORMATION_FORMAT = "dwarf-with-dsym";
				ENABLE_NS_ASSERTIONS = NO;
				ENABLE_STRICT_OBJC_MSGSEND = YES;
				GCC_C_LANGUAGE_STANDARD = gnu11;
				GCC_NO_COMMON_BLOCKS = YES;
				GCC_WARN_64_TO_32_BIT_CONVERSION = YES;
				GCC_WARN_ABOUT_RETURN_TYPE = YES_ERROR;
				GCC_WARN_UNDECLARED_SELECTOR = YES;
				GCC_WARN_UNINITIALIZED_AUTOS = YES_AGGRESSIVE;
				GCC_WARN_UNUSED_FUNCTION = YES;
				GCC_WARN_UNUSED_VARIABLE = YES;
				IPHONEOS_DEPLOYMENT_TARGET = 13.0;
				MTL_ENABLE_DEBUG_INFO = NO;
				MTL_FAST_MATH = YES;
				SDKROOT = iphoneos;
				SWIFT_COMPILATION_MODE = wholemodule;
				SWIFT_OPTIMIZATION_LEVEL = "-O";
				VALIDATE_PRODUCT = YES;
			};
			name = Release;
		};
		04D9CEE324669F8800C4A103 /* Debug */ = {
			isa = XCBuildConfiguration;
			buildSettings = {
				ASSETCATALOG_COMPILER_APPICON_NAME = AppIcon;
				CODE_SIGN_STYLE = Automatic;
				DEVELOPMENT_TEAM = 54KUM57484;
				INFOPLIST_FILE = Project06Location/Info.plist;
				LD_RUNPATH_SEARCH_PATHS = (
					"$(inherited)",
					"@executable_path/Frameworks",
				);
				PRODUCT_BUNDLE_IDENTIFIER = HHS.Project06Location;
				PRODUCT_NAME = "$(TARGET_NAME)";
				SWIFT_VERSION = 5.0;
				TARGETED_DEVICE_FAMILY = "1,2";
			};
			name = Debug;
		};
		04D9CEE424669F8800C4A103 /* Release */ = {
			isa = XCBuildConfiguration;
			buildSettings = {
				ASSETCATALOG_COMPILER_APPICON_NAME = AppIcon;
				CODE_SIGN_STYLE = Automatic;
				DEVELOPMENT_TEAM = 54KUM57484;
				INFOPLIST_FILE = Project06Location/Info.plist;
				LD_RUNPATH_SEARCH_PATHS = (
					"$(inherited)",
					"@executable_path/Frameworks",
				);
				PRODUCT_BUNDLE_IDENTIFIER = HHS.Project06Location;
				PRODUCT_NAME = "$(TARGET_NAME)";
				SWIFT_VERSION = 5.0;
				TARGETED_DEVICE_FAMILY = "1,2";
			};
			name = Release;
		};
/* End XCBuildConfiguration section */

/* Begin XCConfigurationList section */
		04D9CEC924669F8500C4A103 /* Build configuration list for PBXProject "Project06Location" */ = {
			isa = XCConfigurationList;
			buildConfigurations = (
				04D9CEE024669F8800C4A103 /* Debug */,
				04D9CEE124669F8800C4A103 /* Release */,
			);
			defaultConfigurationIsVisible = 0;
			defaultConfigurationName = Release;
		};
		04D9CEE224669F8800C4A103 /* Build configuration list for PBXNativeTarget "Project06Location" */ = {
			isa = XCConfigurationList;
			buildConfigurations = (
				04D9CEE324669F8800C4A103 /* Debug */,
				04D9CEE424669F8800C4A103 /* Release */,
			);
			defaultConfigurationIsVisible = 0;
			defaultConfigurationName = Release;
		};
/* End XCConfigurationList section */
	};
	rootObject = 04D9CEC624669F8500C4A103 /* Project object */;
}
