// !$*UTF8*$!
{
	archiveVersion = 1;
	classes = {
	};
	objectVersion = 50;
	objects = {

/* Begin PBXBuildFile section */
		04552DDB2452EACC00B9C158 /* AppDelegate.swift in Sources */ = {isa = PBXBuildFile; fileRef = 04552DDA2452EACC00B9C158 /* AppDelegate.swift */; };
		04552DDD2452EACC00B9C158 /* SceneDelegate.swift in Sources */ = {isa = PBXBuildFile; fileRef = 04552DDC2452EACC00B9C158 /* SceneDelegate.swift */; };
		04552DDF2452EACC00B9C158 /* ViewController.swift in Sources */ = {isa = PBXBuildFile; fileRef = 04552DDE2452EACC00B9C158 /* ViewController.swift */; };
		04552DE22452EACC00B9C158 /* Main.storyboard in Resources */ = {isa = PBXBuildFile; fileRef = 04552DE02452EACC00B9C158 /* Main.storyboard */; };
		04552DE42452EAD000B9C158 /* Assets.xcassets in Resources */ = {isa = PBXBuildFile; fileRef = 04552DE32452EAD000B9C158 /* Assets.xcassets */; };
		04552DE72452EAD000B9C158 /* LaunchScreen.storyboard in Resources */ = {isa = PBXBuildFile; fileRef = 04552DE52452EAD000B9C158 /* LaunchScreen.storyboard */; };
		04552DF52452F25F00B9C158 /* MFZhiHei_Noncommercial-Regular.ttf in Resources */ = {isa = PBXBuildFile; fileRef = 04552DF12452F25F00B9C158 /* MFZhiHei_Noncommercial-Regular.ttf */; };
		04552DF62452F25F00B9C158 /* MFTongXin_Noncommercial-Regular.ttf in Resources */ = {isa = PBXBuildFile; fileRef = 04552DF22452F25F00B9C158 /* MFTongXin_Noncommercial-Regular.ttf */; };
		04552DF72452F25F00B9C158 /* Gaspar Regular.otf in Resources */ = {isa = PBXBuildFile; fileRef = 04552DF32452F25F00B9C158 /* Gaspar Regular.otf */; };
		04552DF82452F25F00B9C158 /* MFJinHei_Noncommercial-Regular.ttf in Resources */ = {isa = PBXBuildFile; fileRef = 04552DF42452F25F00B9C158 /* MFJinHei_Noncommercial-Regular.ttf */; };
/* End PBXBuildFile section */

/* Begin PBXFileReference section */
		04552DD72452EACC00B9C158 /* Project02字体变换.app */ = {isa = PBXFileReference; explicitFileType = wrapper.application; includeInIndex = 0; path = "Project02字体变换.app"; sourceTree = BUILT_PRODUCTS_DIR; };
		04552DDA2452EACC00B9C158 /* AppDelegate.swift */ = {isa = PBXFileReference; lastKnownFileType = sourcecode.swift; path = AppDelegate.swift; sourceTree = "<group>"; };
		04552DDC2452EACC00B9C158 /* SceneDelegate.swift */ = {isa = PBXFileReference; lastKnownFileType = sourcecode.swift; path = SceneDelegate.swift; sourceTree = "<group>"; };
		04552DDE2452EACC00B9C158 /* ViewController.swift */ = {isa = PBXFileReference; lastKnownFileType = sourcecode.swift; path = ViewController.swift; sourceTree = "<group>"; };
		04552DE12452EACC00B9C158 /* Base */ = {isa = PBXFileReference; lastKnownFileType = file.storyboard; name = Base; path = Base.lproj/Main.storyboard; sourceTree = "<group>"; };
		04552DE32452EAD000B9C158 /* Assets.xcassets */ = {isa = PBXFileReference; lastKnownFileType = folder.assetcatalog; path = Assets.xcassets; sourceTree = "<group>"; };
		04552DE62452EAD000B9C158 /* Base */ = {isa = PBXFileReference; lastKnownFileType = file.storyboard; name = Base; path = Base.lproj/LaunchScreen.storyboard; sourceTree = "<group>"; };
		04552DE82452EAD000B9C158 /* Info.plist */ = {isa = PBXFileReference; lastKnownFileType = text.plist.xml; path = Info.plist; sourceTree = "<group>"; };
		04552DF12452F25F00B9C158 /* MFZhiHei_Noncommercial-Regular.ttf */ = {isa = PBXFileReference; lastKnownFileType = file; path = "MFZhiHei_Noncommercial-Regular.ttf"; sourceTree = "<group>"; };
		04552DF22452F25F00B9C158 /* MFTongXin_Noncommercial-Regular.ttf */ = {isa = PBXFileReference; lastKnownFileType = file; path = "MFTongXin_Noncommercial-Regular.ttf"; sourceTree = "<group>"; };
		04552DF32452F25F00B9C158 /* Gaspar Regular.otf */ = {isa = PBXFileReference; lastKnownFileType = file; path = "Gaspar Regular.otf"; sourceTree = "<group>"; };
		04552DF42452F25F00B9C158 /* MFJinHei_Noncommercial-Regular.ttf */ = {isa = PBXFileReference; lastKnownFileType = file; path = "MFJinHei_Noncommercial-Regular.ttf"; sourceTree = "<group>"; };
/* End PBXFileReference section */

/* Begin PBXFrameworksBuildPhase section */
		04552DD42452EACC00B9C158 /* Frameworks */ = {
			isa = PBXFrameworksBuildPhase;
			buildActionMask = 2147483647;
			files = (
			);
			runOnlyForDeploymentPostprocessing = 0;
		};
/* End PBXFrameworksBuildPhase section */

/* Begin PBXGroup section */
		04552DCE2452EACC00B9C158 = {
			isa = PBXGroup;
			children = (
				04552DD92452EACC00B9C158 /* Project02 */,
				04552DD82452EACC00B9C158 /* Products */,
			);
			sourceTree = "<group>";
		};
		04552DD82452EACC00B9C158 /* Products */ = {
			isa = PBXGroup;
			children = (
				04552DD72452EACC00B9C158 /* Project02字体变换.app */,
			);
			name = Products;
			sourceTree = "<group>";
		};
		04552DD92452EACC00B9C158 /* Project02 */ = {
			isa = PBXGroup;
			children = (
				04552DDA2452EACC00B9C158 /* AppDelegate.swift */,
				04552DDC2452EACC00B9C158 /* SceneDelegate.swift */,
				04552DDE2452EACC00B9C158 /* ViewController.swift */,
				04552DE02452EACC00B9C158 /* Main.storyboard */,
				04552DF02452F20E00B9C158 /* Font */,
				04552DE32452EAD000B9C158 /* Assets.xcassets */,
				04552DE52452EAD000B9C158 /* LaunchScreen.storyboard */,
				04552DE82452EAD000B9C158 /* Info.plist */,
			);
			path = Project02;
			sourceTree = "<group>";
		};
		04552DF02452F20E00B9C158 /* Font */ = {
			isa = PBXGroup;
			children = (
				04552DF32452F25F00B9C158 /* Gaspar Regular.otf */,
				04552DF42452F25F00B9C158 /* MFJinHei_Noncommercial-Regular.ttf */,
				04552DF22452F25F00B9C158 /* MFTongXin_Noncommercial-Regular.ttf */,
				04552DF12452F25F00B9C158 /* MFZhiHei_Noncommercial-Regular.ttf */,
			);
			path = Font;
			sourceTree = "<group>";
		};
/* End PBXGroup section */

/* Begin PBXNativeTarget section */
		04552DD62452EACC00B9C158 /* Project02 */ = {
			isa = PBXNativeTarget;
			buildConfigurationList = 04552DEB2452EAD000B9C158 /* Build configuration list for PBXNativeTarget "Project02" */;
			buildPhases = (
				04552DD32452EACC00B9C158 /* Sources */,
				04552DD42452EACC00B9C158 /* Frameworks */,
				04552DD52452EACC00B9C158 /* Resources */,
			);
			buildRules = (
			);
			dependencies = (
			);
			name = Project02;
			productName = Project02;
			productReference = 04552DD72452EACC00B9C158 /* Project02字体变换.app */;
			productType = "com.apple.product-type.application";
		};
/* End PBXNativeTarget section */

/* Begin PBXProject section */
		04552DCF2452EACC00B9C158 /* Project object */ = {
			isa = PBXProject;
			attributes = {
				LastSwiftUpdateCheck = 1140;
				LastUpgradeCheck = 1140;
				ORGANIZATIONNAME = "Han Jize";
				TargetAttributes = {
					04552DD62452EACC00B9C158 = {
						CreatedOnToolsVersion = 11.4.1;
					};
				};
			};
			buildConfigurationList = 04552DD22452EACC00B9C158 /* Build configuration list for PBXProject "Project02" */;
			compatibilityVersion = "Xcode 9.3";
			developmentRegion = en;
			hasScannedForEncodings = 0;
			knownRegions = (
				en,
				Base,
			);
			mainGroup = 04552DCE2452EACC00B9C158;
			productRefGroup = 04552DD82452EACC00B9C158 /* Products */;
			projectDirPath = "";
			projectRoot = "";
			targets = (
				04552DD62452EACC00B9C158 /* Project02 */,
			);
		};
/* End PBXProject section */

/* Begin PBXResourcesBuildPhase section */
		04552DD52452EACC00B9C158 /* Resources */ = {
			isa = PBXResourcesBuildPhase;
			buildActionMask = 2147483647;
			files = (
				04552DF62452F25F00B9C158 /* MFTongXin_Noncommercial-Regular.ttf in Resources */,
				04552DF82452F25F00B9C158 /* MFJinHei_Noncommercial-Regular.ttf in Resources */,
				04552DF72452F25F00B9C158 /* Gaspar Regular.otf in Resources */,
				04552DE72452EAD000B9C158 /* LaunchScreen.storyboard in Resources */,
				04552DE42452EAD000B9C158 /* Assets.xcassets in Resources */,
				04552DE22452EACC00B9C158 /* Main.storyboard in Resources */,
				04552DF52452F25F00B9C158 /* MFZhiHei_Noncommercial-Regular.ttf in Resources */,
			);
			runOnlyForDeploymentPostprocessing = 0;
		};
/* End PBXResourcesBuildPhase section */

/* Begin PBXSourcesBuildPhase section */
		04552DD32452EACC00B9C158 /* Sources */ = {
			isa = PBXSourcesBuildPhase;
			buildActionMask = 2147483647;
			files = (
				04552DDF2452EACC00B9C158 /* ViewController.swift in Sources */,
				04552DDB2452EACC00B9C158 /* AppDelegate.swift in Sources */,
				04552DDD2452EACC00B9C158 /* SceneDelegate.swift in Sources */,
			);
			runOnlyForDeploymentPostprocessing = 0;
		};
/* End PBXSourcesBuildPhase section */

/* Begin PBXVariantGroup section */
		04552DE02452EACC00B9C158 /* Main.storyboard */ = {
			isa = PBXVariantGroup;
			children = (
				04552DE12452EACC00B9C158 /* Base */,
			);
			name = Main.storyboard;
			sourceTree = "<group>";
		};
		04552DE52452EAD000B9C158 /* LaunchScreen.storyboard */ = {
			isa = PBXVariantGroup;
			children = (
				04552DE62452EAD000B9C158 /* Base */,
			);
			name = LaunchScreen.storyboard;
			sourceTree = "<group>";
		};
/* End PBXVariantGroup section */

/* Begin XCBuildConfiguration section */
		04552DE92452EAD000B9C158 /* Debug */ = {
			isa = XCBuildConfiguration;
			buildSettings = {
				ALWAYS_SEARCH_USER_PATHS = NO;
				CLANG_ANALYZER_NONNULL = YES;
				CLANG_ANALYZER_NUMBER_OBJECT_CONVERSION = YES_AGGRESSIVE;
				CLANG_CXX_LANGUAGE_STANDARD = "gnu++14";
				CLANG_CXX_LIBRARY = "libc++";
				CLANG_ENABLE_MODULES = YES;
				CLANG_ENABLE_OBJC_ARC = YES;
				CLANG_ENABLE_OBJC_WEAK = YES;
				CLANG_WARN_BLOCK_CAPTURE_AUTORELEASING = YES;
				CLANG_WARN_BOOL_CONVERSION = YES;
				CLANG_WARN_COMMA = YES;
				CLANG_WARN_CONSTANT_CONVERSION = YES;
				CLANG_WARN_DEPRECATED_OBJC_IMPLEMENTATIONS = YES;
				CLANG_WARN_DIRECT_OBJC_ISA_USAGE = YES_ERROR;
				CLANG_WARN_DOCUMENTATION_COMMENTS = YES;
				CLANG_WARN_EMPTY_BODY = YES;
				CLANG_WARN_ENUM_CONVERSION = YES;
				CLANG_WARN_INFINITE_RECURSION = YES;
				CLANG_WARN_INT_CONVERSION = YES;
				CLANG_WARN_NON_LITERAL_NULL_CONVERSION = YES;
				CLANG_WARN_OBJC_IMPLICIT_RETAIN_SELF = YES;
				CLANG_WARN_OBJC_LITERAL_CONVERSION = YES;
				CLANG_WARN_OBJC_ROOT_CLASS = YES_ERROR;
				CLANG_WARN_RANGE_LOOP_ANALYSIS = YES;
				CLANG_WARN_STRICT_PROTOTYPES = YES;
				CLANG_WARN_SUSPICIOUS_MOVE = YES;
				CLANG_WARN_UNGUARDED_AVAILABILITY = YES_AGGRESSIVE;
				CLANG_WARN_UNREACHABLE_CODE = YES;
				CLANG_WARN__DUPLICATE_METHOD_MATCH = YES;
				COPY_PHASE_STRIP = NO;
				DEBUG_INFORMATION_FORMAT = dwarf;
				ENABLE_STRICT_OBJC_MSGSEND = YES;
				ENABLE_TESTABILITY = YES;
				GCC_C_LANGUAGE_STANDARD = gnu11;
				GCC_DYNAMIC_NO_PIC = NO;
				GCC_NO_COMMON_BLOCKS = YES;
				GCC_OPTIMIZATION_LEVEL = 0;
				GCC_PREPROCESSOR_DEFINITIONS = (
					"DEBUG=1",
					"$(inherited)",
				);
				GCC_WARN_64_TO_32_BIT_CONVERSION = YES;
				GCC_WARN_ABOUT_RETURN_TYPE = YES_ERROR;
				GCC_WARN_UNDECLARED_SELECTOR = YES;
				GCC_WARN_UNINITIALIZED_AUTOS = YES_AGGRESSIVE;
				GCC_WARN_UNUSED_FUNCTION = YES;
				GCC_WARN_UNUSED_VARIABLE = YES;
				IPHONEOS_DEPLOYMENT_TARGET = 13.4;
				MTL_ENABLE_DEBUG_INFO = INCLUDE_SOURCE;
				MTL_FAST_MATH = YES;
				ONLY_ACTIVE_ARCH = YES;
				SDKROOT = iphoneos;
				SWIFT_ACTIVE_COMPILATION_CONDITIONS = DEBUG;
				SWIFT_OPTIMIZATION_LEVEL = "-Onone";
			};
			name = Debug;
		};
		04552DEA2452EAD000B9C158 /* Release */ = {
			isa = XCBuildConfiguration;
			buildSettings = {
				ALWAYS_SEARCH_USER_PATHS = NO;
				CLANG_ANALYZER_NONNULL = YES;
				CLANG_ANALYZER_NUMBER_OBJECT_CONVERSION = YES_AGGRESSIVE;
				CLANG_CXX_LANGUAGE_STANDARD = "gnu++14";
				CLANG_CXX_LIBRARY = "libc++";
				CLANG_ENABLE_MODULES = YES;
				CLANG_ENABLE_OBJC_ARC = YES;
				CLANG_ENABLE_OBJC_WEAK = YES;
				CLANG_WARN_BLOCK_CAPTURE_AUTORELEASING = YES;
				CLANG_WARN_BOOL_CONVERSION = YES;
				CLANG_WARN_COMMA = YES;
				CLANG_WARN_CONSTANT_CONVERSION = YES;
				CLANG_WARN_DEPRECATED_OBJC_IMPLEMENTATIONS = YES;
				CLANG_WARN_DIRECT_OBJC_ISA_USAGE = YES_ERROR;
				CLANG_WARN_DOCUMENTATION_COMMENTS = YES;
				CLANG_WARN_EMPTY_BODY = YES;
				CLANG_WARN_ENUM_CONVERSION = YES;
				CLANG_WARN_INFINITE_RECURSION = YES;
				CLANG_WARN_INT_CONVERSION = YES;
				CLANG_WARN_NON_LITERAL_NULL_CONVERSION = YES;
				CLANG_WARN_OBJC_IMPLICIT_RETAIN_SELF = YES;
				CLANG_WARN_OBJC_LITERAL_CONVERSION = YES;
				CLANG_WARN_OBJC_ROOT_CLASS = YES_ERROR;
				CLANG_WARN_RANGE_LOOP_ANALYSIS = YES;
				CLANG_WARN_STRICT_PROTOTYPES = YES;
				CLANG_WARN_SUSPICIOUS_MOVE = YES;
				CLANG_WARN_UNGUARDED_AVAILABILITY = YES_AGGRESSIVE;
				CLANG_WARN_UNREACHABLE_CODE = YES;
				CLANG_WARN__DUPLICATE_METHOD_MATCH = YES;
				COPY_PHASE_STRIP = NO;
				DEBUG_INFORMATION_FORMAT = "dwarf-with-dsym";
				ENABLE_NS_ASSERTIONS = NO;
				ENABLE_STRICT_OBJC_MSGSEND = YES;
				GCC_C_LANGUAGE_STANDARD = gnu11;
				GCC_NO_COMMON_BLOCKS = YES;
				GCC_WARN_64_TO_32_BIT_CONVERSION = YES;
				GCC_WARN_ABOUT_RETURN_TYPE = YES_ERROR;
				GCC_WARN_UNDECLARED_SELECTOR = YES;
				GCC_WARN_UNINITIALIZED_AUTOS = YES_AGGRESSIVE;
				GCC_WARN_UNUSED_FUNCTION = YES;
				GCC_WARN_UNUSED_VARIABLE = YES;
				IPHONEOS_DEPLOYMENT_TARGET = 13.4;
				MTL_ENABLE_DEBUG_INFO = NO;
				MTL_FAST_MATH = YES;
				SDKROOT = iphoneos;
				SWIFT_COMPILATION_MODE = wholemodule;
				SWIFT_OPTIMIZATION_LEVEL = "-O";
				VALIDATE_PRODUCT = YES;
			};
			name = Release;
		};
		04552DEC2452EAD000B9C158 /* Debug */ = {
			isa = XCBuildConfiguration;
			buildSettings = {
				ASSETCATALOG_COMPILER_APPICON_NAME = AppIcon;
				CODE_SIGN_STYLE = Automatic;
				DEVELOPMENT_TEAM = 54KUM57484;
				INFOPLIST_FILE = Project02/Info.plist;
				LD_RUNPATH_SEARCH_PATHS = (
					"$(inherited)",
					"@executable_path/Frameworks",
				);
				PRODUCT_BUNDLE_IDENTIFIER = HHS.Project02;
				PRODUCT_NAME = "Project02字体变换";
				SWIFT_VERSION = 5.0;
				TARGETED_DEVICE_FAMILY = "1,2";
			};
			name = Debug;
		};
		04552DED2452EAD000B9C158 /* Release */ = {
			isa = XCBuildConfiguration;
			buildSettings = {
				ASSETCATALOG_COMPILER_APPICON_NAME = AppIcon;
				CODE_SIGN_STYLE = Automatic;
				DEVELOPMENT_TEAM = 54KUM57484;
				INFOPLIST_FILE = Project02/Info.plist;
				LD_RUNPATH_SEARCH_PATHS = (
					"$(inherited)",
					"@executable_path/Frameworks",
				);
				PRODUCT_BUNDLE_IDENTIFIER = HHS.Project02;
				PRODUCT_NAME = "Project02字体变换";
				SWIFT_VERSION = 5.0;
				TARGETED_DEVICE_FAMILY = "1,2";
			};
			name = Release;
		};
/* End XCBuildConfiguration section */

/* Begin XCConfigurationList section */
		04552DD22452EACC00B9C158 /* Build configuration list for PBXProject "Project02" */ = {
			isa = XCConfigurationList;
			buildConfigurations = (
				04552DE92452EAD000B9C158 /* Debug */,
				04552DEA2452EAD000B9C158 /* Release */,
			);
			defaultConfigurationIsVisible = 0;
			defaultConfigurationName = Release;
		};
		04552DEB2452EAD000B9C158 /* Build configuration list for PBXNativeTarget "Project02" */ = {
			isa = XCConfigurationList;
			buildConfigurations = (
				04552DEC2452EAD000B9C158 /* Debug */,
				04552DED2452EAD000B9C158 /* Release */,
			);
			defaultConfigurationIsVisible = 0;
			defaultConfigurationName = Release;
		};
/* End XCConfigurationList section */
	};
	rootObject = 04552DCF2452EACC00B9C158 /* Project object */;
}
